%{
  "benchee": {:hex, :benchee, "0.99.0", "0efbfc31045ad2f75a48673bd1befa8a6a5855e93b8c3117aed7d7da8de65b71", [:mix], [{:deep_merge, "~> 1.0", [hex: :deep_merge, repo: "hexpm", optional: false]}], "hexpm", "672d8e9436471b7d5b77ca5be3ad69d065553e7ed8c5db29bb3d662378104618"},
  "deep_merge": {:hex, :deep_merge, "1.0.0", "b4aa1a0d1acac393bdf38b2291af38cb1d4a52806cf7a4906f718e1feb5ee961", [:mix], [], "hexpm", "ce708e5f094b9cd4e8f2be4f00d2f4250c4095be93f8cd6d018c753894885430"},
}
